// !$*UTF8*$!
{
	archiveVersion = 1;
	classes = {
	};
	objectVersion = 46;
	objects = {

/* Begin PBXBuildFile section */
		79588C4E1BC68BB30097C70B /* KodiRemoteFramework.h in Headers */ = {isa = PBXBuildFile; fileRef = 79588C4D1BC68BB30097C70B /* KodiRemoteFramework.h */; settings = {ATTRIBUTES = (Public, ); }; };
		79588C571BC68CAB0097C70B /* KodiRemoteAPI.h in Headers */ = {isa = PBXBuildFile; fileRef = 79588C551BC68CAB0097C70B /* KodiRemoteAPI.h */; settings = {ATTRIBUTES = (Public, ); }; };
		79588C581BC68CAB0097C70B /* KodiRemoteAPI.m in Sources */ = {isa = PBXBuildFile; fileRef = 79588C561BC68CAB0097C70B /* KodiRemoteAPI.m */; settings = {ASSET_TAGS = (); }; };
		79606A771BC6958000E0172A /* KRFSettingsDelegate.h in Headers */ = {isa = PBXBuildFile; fileRef = 79588C591BC68D6E0097C70B /* KRFSettingsDelegate.h */; settings = {ATTRIBUTES = (Public, ); }; };
		79606A841BC69DF500E0172A /* KodiRemoteInput.h in Headers */ = {isa = PBXBuildFile; fileRef = 79606A821BC69DF500E0172A /* KodiRemoteInput.h */; settings = {ASSET_TAGS = (); }; };
		79606A851BC69DF500E0172A /* KodiRemoteInput.m in Sources */ = {isa = PBXBuildFile; fileRef = 79606A831BC69DF500E0172A /* KodiRemoteInput.m */; settings = {ASSET_TAGS = (); }; };
		79606A881BC69EB000E0172A /* KodiRemoteBasics.h in Headers */ = {isa = PBXBuildFile; fileRef = 79606A861BC69EB000E0172A /* KodiRemoteBasics.h */; settings = {ASSET_TAGS = (); }; };
		79606A891BC69EB000E0172A /* KodiRemoteBasics.m in Sources */ = {isa = PBXBuildFile; fileRef = 79606A871BC69EB000E0172A /* KodiRemoteBasics.m */; settings = {ASSET_TAGS = (); }; };
		79606A8C1BC6A5B400E0172A /* KodiRemotePlayer.h in Headers */ = {isa = PBXBuildFile; fileRef = 79606A8A1BC6A5B400E0172A /* KodiRemotePlayer.h */; settings = {ASSET_TAGS = (); }; };
		79606A8D1BC6A5B400E0172A /* KodiRemotePlayer.m in Sources */ = {isa = PBXBuildFile; fileRef = 79606A8B1BC6A5B400E0172A /* KodiRemotePlayer.m */; settings = {ASSET_TAGS = (); }; };
/* End PBXBuildFile section */

/* Begin PBXFileReference section */
		79588C4A1BC68BB30097C70B /* KodiRemoteFramework.framework */ = {isa = PBXFileReference; explicitFileType = wrapper.framework; includeInIndex = 0; path = KodiRemoteFramework.framework; sourceTree = BUILT_PRODUCTS_DIR; };
		79588C4D1BC68BB30097C70B /* KodiRemoteFramework.h */ = {isa = PBXFileReference; lastKnownFileType = sourcecode.c.h; path = KodiRemoteFramework.h; sourceTree = "<group>"; };
		79588C4F1BC68BB30097C70B /* Info.plist */ = {isa = PBXFileReference; lastKnownFileType = text.plist.xml; path = Info.plist; sourceTree = "<group>"; };
		79588C551BC68CAB0097C70B /* KodiRemoteAPI.h */ = {isa = PBXFileReference; fileEncoding = 4; lastKnownFileType = sourcecode.c.h; path = KodiRemoteAPI.h; sourceTree = "<group>"; };
		79588C561BC68CAB0097C70B /* KodiRemoteAPI.m */ = {isa = PBXFileReference; fileEncoding = 4; lastKnownFileType = sourcecode.c.objc; path = KodiRemoteAPI.m; sourceTree = "<group>"; };
		79588C591BC68D6E0097C70B /* KRFSettingsDelegate.h */ = {isa = PBXFileReference; lastKnownFileType = sourcecode.c.h; path = KRFSettingsDelegate.h; sourceTree = "<group>"; };
		79606A821BC69DF500E0172A /* KodiRemoteInput.h */ = {isa = PBXFileReference; fileEncoding = 4; lastKnownFileType = sourcecode.c.h; path = KodiRemoteInput.h; sourceTree = "<group>"; };
		79606A831BC69DF500E0172A /* KodiRemoteInput.m */ = {isa = PBXFileReference; fileEncoding = 4; lastKnownFileType = sourcecode.c.objc; path = KodiRemoteInput.m; sourceTree = "<group>"; };
		79606A861BC69EB000E0172A /* KodiRemoteBasics.h */ = {isa = PBXFileReference; fileEncoding = 4; lastKnownFileType = sourcecode.c.h; path = KodiRemoteBasics.h; sourceTree = "<group>"; };
		79606A871BC69EB000E0172A /* KodiRemoteBasics.m */ = {isa = PBXFileReference; fileEncoding = 4; lastKnownFileType = sourcecode.c.objc; path = KodiRemoteBasics.m; sourceTree = "<group>"; };
		79606A8A1BC6A5B400E0172A /* KodiRemotePlayer.h */ = {isa = PBXFileReference; fileEncoding = 4; lastKnownFileType = sourcecode.c.h; path = KodiRemotePlayer.h; sourceTree = "<group>"; };
		79606A8B1BC6A5B400E0172A /* KodiRemotePlayer.m */ = {isa = PBXFileReference; fileEncoding = 4; lastKnownFileType = sourcecode.c.objc; path = KodiRemotePlayer.m; sourceTree = "<group>"; };
/* End PBXFileReference section */

/* Begin PBXFrameworksBuildPhase section */
		79588C461BC68BB30097C70B /* Frameworks */ = {
			isa = PBXFrameworksBuildPhase;
			buildActionMask = 2147483647;
			files = (
			);
			runOnlyForDeploymentPostprocessing = 0;
		};
/* End PBXFrameworksBuildPhase section */

/* Begin PBXGroup section */
		79588C401BC68BB30097C70B = {
			isa = PBXGroup;
			children = (
				79588C4C1BC68BB30097C70B /* KodiRemoteFramework */,
				79588C4B1BC68BB30097C70B /* Products */,
			);
			sourceTree = "<group>";
		};
		79588C4B1BC68BB30097C70B /* Products */ = {
			isa = PBXGroup;
			children = (
				79588C4A1BC68BB30097C70B /* KodiRemoteFramework.framework */,
			);
			name = Products;
			sourceTree = "<group>";
		};
		79588C4C1BC68BB30097C70B /* KodiRemoteFramework */ = {
			isa = PBXGroup;
			children = (
				79588C4D1BC68BB30097C70B /* KodiRemoteFramework.h */,
				79588C551BC68CAB0097C70B /* KodiRemoteAPI.h */,
				79588C561BC68CAB0097C70B /* KodiRemoteAPI.m */,
				79606A8A1BC6A5B400E0172A /* KodiRemotePlayer.h */,
				79606A8B1BC6A5B400E0172A /* KodiRemotePlayer.m */,
				79606A821BC69DF500E0172A /* KodiRemoteInput.h */,
				79606A831BC69DF500E0172A /* KodiRemoteInput.m */,
				79606A861BC69EB000E0172A /* KodiRemoteBasics.h */,
				79606A871BC69EB000E0172A /* KodiRemoteBasics.m */,
				79588C4F1BC68BB30097C70B /* Info.plist */,
				79588C591BC68D6E0097C70B /* KRFSettingsDelegate.h */,
			);
			path = KodiRemoteFramework;
			sourceTree = "<group>";
		};
/* End PBXGroup section */

/* Begin PBXHeadersBuildPhase section */
		79588C471BC68BB30097C70B /* Headers */ = {
			isa = PBXHeadersBuildPhase;
			buildActionMask = 2147483647;
			files = (
				79588C571BC68CAB0097C70B /* KodiRemoteAPI.h in Headers */,
				79588C4E1BC68BB30097C70B /* KodiRemoteFramework.h in Headers */,
				79606A8C1BC6A5B400E0172A /* KodiRemotePlayer.h in Headers */,
				79606A841BC69DF500E0172A /* KodiRemoteInput.h in Headers */,
				79606A771BC6958000E0172A /* KRFSettingsDelegate.h in Headers */,
				79606A881BC69EB000E0172A /* KodiRemoteBasics.h in Headers */,
			);
			runOnlyForDeploymentPostprocessing = 0;
		};
/* End PBXHeadersBuildPhase section */

/* Begin PBXNativeTarget section */
		79588C491BC68BB30097C70B /* KodiRemoteFramework */ = {
			isa = PBXNativeTarget;
			buildConfigurationList = 79588C521BC68BB30097C70B /* Build configuration list for PBXNativeTarget "KodiRemoteFramework" */;
			buildPhases = (
				79588C451BC68BB30097C70B /* Sources */,
				79588C461BC68BB30097C70B /* Frameworks */,
				79588C471BC68BB30097C70B /* Headers */,
				79588C481BC68BB30097C70B /* Resources */,
			);
			buildRules = (
			);
			dependencies = (
			);
			name = KodiRemoteFramework;
			productName = KodiRemoteFramework;
			productReference = 79588C4A1BC68BB30097C70B /* KodiRemoteFramework.framework */;
			productType = "com.apple.product-type.framework";
		};
/* End PBXNativeTarget section */

/* Begin PBXProject section */
		79588C411BC68BB30097C70B /* Project object */ = {
			isa = PBXProject;
			attributes = {
				LastUpgradeCheck = 0700;
				ORGANIZATIONNAME = WP;
				TargetAttributes = {
					79588C491BC68BB30097C70B = {
						CreatedOnToolsVersion = 7.0;
					};
				};
			};
			buildConfigurationList = 79588C441BC68BB30097C70B /* Build configuration list for PBXProject "KodiRemoteFramework" */;
			compatibilityVersion = "Xcode 3.2";
			developmentRegion = English;
			hasScannedForEncodings = 0;
			knownRegions = (
				en,
			);
			mainGroup = 79588C401BC68BB30097C70B;
			productRefGroup = 79588C4B1BC68BB30097C70B /* Products */;
			projectDirPath = "";
			projectRoot = "";
			targets = (
				79588C491BC68BB30097C70B /* KodiRemoteFramework */,
			);
		};
/* End PBXProject section */

/* Begin PBXResourcesBuildPhase section */
		79588C481BC68BB30097C70B /* Resources */ = {
			isa = PBXResourcesBuildPhase;
			buildActionMask = 2147483647;
			files = (
			);
			runOnlyForDeploymentPostprocessing = 0;
		};
/* End PBXResourcesBuildPhase section */

/* Begin PBXSourcesBuildPhase section */
		79588C451BC68BB30097C70B /* Sources */ = {
			isa = PBXSourcesBuildPhase;
			buildActionMask = 2147483647;
			files = (
				79588C581BC68CAB0097C70B /* KodiRemoteAPI.m in Sources */,
				79606A8D1BC6A5B400E0172A /* KodiRemotePlayer.m in Sources */,
				79606A891BC69EB000E0172A /* KodiRemoteBasics.m in Sources */,
				79606A851BC69DF500E0172A /* KodiRemoteInput.m in Sources */,
			);
			runOnlyForDeploymentPostprocessing = 0;
		};
/* End PBXSourcesBuildPhase section */

/* Begin XCBuildConfiguration section */
		79588C501BC68BB30097C70B /* Debug */ = {
			isa = XCBuildConfiguration;
			buildSettings = {
				ALWAYS_SEARCH_USER_PATHS = NO;
				CLANG_CXX_LANGUAGE_STANDARD = "gnu++0x";
				CLANG_CXX_LIBRARY = "libc++";
				CLANG_ENABLE_MODULES = YES;
				CLANG_ENABLE_OBJC_ARC = YES;
				CLANG_WARN_BOOL_CONVERSION = YES;
				CLANG_WARN_CONSTANT_CONVERSION = YES;
				CLANG_WARN_DIRECT_OBJC_ISA_USAGE = YES_ERROR;
				CLANG_WARN_EMPTY_BODY = YES;
				CLANG_WARN_ENUM_CONVERSION = YES;
				CLANG_WARN_INT_CONVERSION = YES;
				CLANG_WARN_OBJC_ROOT_CLASS = YES_ERROR;
				CLANG_WARN_UNREACHABLE_CODE = YES;
				CLANG_WARN__DUPLICATE_METHOD_MATCH = YES;
				"CODE_SIGN_IDENTITY[sdk=iphoneos*]" = "iPhone Developer";
				COPY_PHASE_STRIP = NO;
				CURRENT_PROJECT_VERSION = 1;
				DEBUG_INFORMATION_FORMAT = dwarf;
				ENABLE_STRICT_OBJC_MSGSEND = YES;
				ENABLE_TESTABILITY = YES;
				GCC_C_LANGUAGE_STANDARD = gnu99;
				GCC_DYNAMIC_NO_PIC = NO;
				GCC_NO_COMMON_BLOCKS = YES;
				GCC_OPTIMIZATION_LEVEL = 0;
				GCC_PREPROCESSOR_DEFINITIONS = (
					"DEBUG=1",
					"$(inherited)",
				);
				GCC_WARN_64_TO_32_BIT_CONVERSION = YES;
				GCC_WARN_ABOUT_RETURN_TYPE = YES_ERROR;
				GCC_WARN_UNDECLARED_SELECTOR = YES;
				GCC_WARN_UNINITIALIZED_AUTOS = YES_AGGRESSIVE;
				GCC_WARN_UNUSED_FUNCTION = YES;
				GCC_WARN_UNUSED_VARIABLE = YES;
				IPHONEOS_DEPLOYMENT_TARGET = 9.0;
				MTL_ENABLE_DEBUG_INFO = YES;
				ONLY_ACTIVE_ARCH = YES;
				SDKROOT = iphoneos;
				TARGETED_DEVICE_FAMILY = "1,2";
				VERSIONING_SYSTEM = "apple-generic";
				VERSION_INFO_PREFIX = "";
			};
			name = Debug;
		};
		79588C511BC68BB30097C70B /* Release */ = {
			isa = XCBuildConfiguration;
			buildSettings = {
				ALWAYS_SEARCH_USER_PATHS = NO;
				CLANG_CXX_LANGUAGE_STANDARD = "gnu++0x";
				CLANG_CXX_LIBRARY = "libc++";
				CLANG_ENABLE_MODULES = YES;
				CLANG_ENABLE_OBJC_ARC = YES;
				CLANG_WARN_BOOL_CONVERSION = YES;
				CLANG_WARN_CONSTANT_CONVERSION = YES;
				CLANG_WARN_DIRECT_OBJC_ISA_USAGE = YES_ERROR;
				CLANG_WARN_EMPTY_BODY = YES;
				CLANG_WARN_ENUM_CONVERSION = YES;
				CLANG_WARN_INT_CONVERSION = YES;
				CLANG_WARN_OBJC_ROOT_CLASS = YES_ERROR;
				CLANG_WARN_UNREACHABLE_CODE = YES;
				CLANG_WARN__DUPLICATE_METHOD_MATCH = YES;
				"CODE_SIGN_IDENTITY[sdk=iphoneos*]" = "iPhone Developer";
				COPY_PHASE_STRIP = NO;
				CURRENT_PROJECT_VERSION = 1;
				DEBUG_INFORMATION_FORMAT = "dwarf-with-dsym";
				ENABLE_NS_ASSERTIONS = NO;
				ENABLE_STRICT_OBJC_MSGSEND = YES;
				GCC_C_LANGUAGE_STANDARD = gnu99;
				GCC_NO_COMMON_BLOCKS = YES;
				GCC_WARN_64_TO_32_BIT_CONVERSION = YES;
				GCC_WARN_ABOUT_RETURN_TYPE = YES_ERROR;
				GCC_WARN_UNDECLARED_SELECTOR = YES;
				GCC_WARN_UNINITIALIZED_AUTOS = YES_AGGRESSIVE;
				GCC_WARN_UNUSED_FUNCTION = YES;
				GCC_WARN_UNUSED_VARIABLE = YES;
				IPHONEOS_DEPLOYMENT_TARGET = 9.0;
				MTL_ENABLE_DEBUG_INFO = NO;
				SDKROOT = iphoneos;
				TARGETED_DEVICE_FAMILY = "1,2";
				VALIDATE_PRODUCT = YES;
				VERSIONING_SYSTEM = "apple-generic";
				VERSION_INFO_PREFIX = "";
			};
			name = Release;
		};
		79588C531BC68BB30097C70B /* Debug */ = {
			isa = XCBuildConfiguration;
			buildSettings = {
				DEFINES_MODULE = YES;
				DYLIB_COMPATIBILITY_VERSION = 1;
				DYLIB_CURRENT_VERSION = 1;
				DYLIB_INSTALL_NAME_BASE = "@rpath";
				INFOPLIST_FILE = KodiRemoteFramework/Info.plist;
				INSTALL_PATH = "$(LOCAL_LIBRARY_DIR)/Frameworks";
				LD_RUNPATH_SEARCH_PATHS = "$(inherited) @executable_path/Frameworks @loader_path/Frameworks";
				PRODUCT_BUNDLE_IDENTIFIER = com.github.wolfposd.KodiRemoteFramework;
				PRODUCT_NAME = "$(TARGET_NAME)";
				SKIP_INSTALL = YES;
			};
			name = Debug;
		};
		79588C541BC68BB30097C70B /* Release */ = {
			isa = XCBuildConfiguration;
			buildSettings = {
				DEFINES_MODULE = YES;
				DYLIB_COMPATIBILITY_VERSION = 1;
				DYLIB_CURRENT_VERSION = 1;
				DYLIB_INSTALL_NAME_BASE = "@rpath";
				INFOPLIST_FILE = KodiRemoteFramework/Info.plist;
				INSTALL_PATH = "$(LOCAL_LIBRARY_DIR)/Frameworks";
				LD_RUNPATH_SEARCH_PATHS = "$(inherited) @executable_path/Frameworks @loader_path/Frameworks";
				PRODUCT_BUNDLE_IDENTIFIER = com.github.wolfposd.KodiRemoteFramework;
				PRODUCT_NAME = "$(TARGET_NAME)";
				SKIP_INSTALL = YES;
			};
			name = Release;
		};
/* End XCBuildConfiguration section */

/* Begin XCConfigurationList section */
		79588C441BC68BB30097C70B /* Build configuration list for PBXProject "KodiRemoteFramework" */ = {
			isa = XCConfigurationList;
			buildConfigurations = (
				79588C501BC68BB30097C70B /* Debug */,
				79588C511BC68BB30097C70B /* Release */,
			);
			defaultConfigurationIsVisible = 0;
			defaultConfigurationName = Release;
		};
		79588C521BC68BB30097C70B /* Build configuration list for PBXNativeTarget "KodiRemoteFramework" */ = {
			isa = XCConfigurationList;
			buildConfigurations = (
				79588C531BC68BB30097C70B /* Debug */,
				79588C541BC68BB30097C70B /* Release */,
			);
			defaultConfigurationIsVisible = 0;
			defaultConfigurationName = Release;
		};
/* End XCConfigurationList section */
	};
	rootObject = 79588C411BC68BB30097C70B /* Project object */;
}
